
Microsoft Visual Studio Solution File, Format Version 12.00
# Visual Studio 14
VisualStudioVersion = 14.0.25420.1
MinimumVisualStudioVersion = 10.0.40219.1
Project("{8BC9CEB8-8B4A-11D0-8D11-00A0C91BC942}") = "algorithm_for_vector", "algorithm_for_vector\algorithm_for_vector.vcxproj", "{ED078FA3-02E1-4AC4-9C83-39367FE94F71}"
EndProject
Project("{8BC9CEB8-8B4A-11D0-8D11-00A0C91BC942}") = "lambda", "lambda\lambda.vcxproj", "{8D5B39DA-9060-44AE-9544-15362A214915}"
EndProject
Project("{8BC9CEB8-8B4A-11D0-8D11-00A0C91BC942}") = "bind", "bind\bind.vcxproj", "{19F02643-5496-40FB-BEC2-787FD5778BF0}"
EndProject
Project("{8BC9CEB8-8B4A-11D0-8D11-00A0C91BC942}") = "iterator", "iterator\iterator.vcxproj", "{CE3B4687-EC6A-4ACE-9062-26CB99588950}"
EndProject
Global
	GlobalSection(SolutionConfigurationPlatforms) = preSolution
		Debug|x64 = Debug|x64
		Debug|x86 = Debug|x86
		Release|x64 = Release|x64
		Release|x86 = Release|x86
	EndGlobalSection
	GlobalSection(ProjectConfigurationPlatforms) = postSolution
		{ED078FA3-02E1-4AC4-9C83-39367FE94F71}.Debug|x64.ActiveCfg = Debug|x64
		{ED078FA3-02E1-4AC4-9C83-39367FE94F71}.Debug|x64.Build.0 = Debug|x64
		{ED078FA3-02E1-4AC4-9C83-39367FE94F71}.Debug|x86.ActiveCfg = Debug|Win32
		{ED078FA3-02E1-4AC4-9C83-39367FE94F71}.Debug|x86.Build.0 = Debug|Win32
		{ED078FA3-02E1-4AC4-9C83-39367FE94F71}.Release|x64.ActiveCfg = Release|x64
		{ED078FA3-02E1-4AC4-9C83-39367FE94F71}.Release|x64.Build.0 = Release|x64
		{ED078FA3-02E1-4AC4-9C83-39367FE94F71}.Release|x86.ActiveCfg = Release|Win32
		{ED078FA3-02E1-4AC4-9C83-39367FE94F71}.Release|x86.Build.0 = Release|Win32
		{8D5B39DA-9060-44AE-9544-15362A214915}.Debug|x64.ActiveCfg = Debug|x64
		{8D5B39DA-9060-44AE-9544-15362A214915}.Debug|x64.Build.0 = Debug|x64
		{8D5B39DA-9060-44AE-9544-15362A214915}.Debug|x86.ActiveCfg = Debug|Win32
		{8D5B39DA-9060-44AE-9544-15362A214915}.Debug|x86.Build.0 = Debug|Win32
		{8D5B39DA-9060-44AE-9544-15362A214915}.Release|x64.ActiveCfg = Release|x64
		{8D5B39DA-9060-44AE-9544-15362A214915}.Release|x64.Build.0 = Release|x64
		{8D5B39DA-9060-44AE-9544-15362A214915}.Release|x86.ActiveCfg = Release|Win32
		{8D5B39DA-9060-44AE-9544-15362A214915}.Release|x86.Build.0 = Release|Win32
		{19F02643-5496-40FB-BEC2-787FD5778BF0}.Debug|x64.ActiveCfg = Debug|x64
		{19F02643-5496-40FB-BEC2-787FD5778BF0}.Debug|x64.Build.0 = Debug|x64
		{19F02643-5496-40FB-BEC2-787FD5778BF0}.Debug|x86.ActiveCfg = Debug|Win32
		{19F02643-5496-40FB-BEC2-787FD5778BF0}.Debug|x86.Build.0 = Debug|Win32
		{19F02643-5496-40FB-BEC2-787FD5778BF0}.Release|x64.ActiveCfg = Release|x64
		{19F02643-5496-40FB-BEC2-787FD5778BF0}.Release|x64.Build.0 = Release|x64
		{19F02643-5496-40FB-BEC2-787FD5778BF0}.Release|x86.ActiveCfg = Release|Win32
		{19F02643-5496-40FB-BEC2-787FD5778BF0}.Release|x86.Build.0 = Release|Win32
		{CE3B4687-EC6A-4ACE-9062-26CB99588950}.Debug|x64.ActiveCfg = Debug|x64
		{CE3B4687-EC6A-4ACE-9062-26CB99588950}.Debug|x64.Build.0 = Debug|x64
		{CE3B4687-EC6A-4ACE-9062-26CB99588950}.Debug|x86.ActiveCfg = Debug|Win32
		{CE3B4687-EC6A-4ACE-9062-26CB99588950}.Debug|x86.Build.0 = Debug|Win32
		{CE3B4687-EC6A-4ACE-9062-26CB99588950}.Release|x64.ActiveCfg = Release|x64
		{CE3B4687-EC6A-4ACE-9062-26CB99588950}.Release|x64.Build.0 = Release|x64
		{CE3B4687-EC6A-4ACE-9062-26CB99588950}.Release|x86.ActiveCfg = Release|Win32
		{CE3B4687-EC6A-4ACE-9062-26CB99588950}.Release|x86.Build.0 = Release|Win32
	EndGlobalSection
	GlobalSection(SolutionProperties) = preSolution
		HideSolutionNode = FALSE
	EndGlobalSection
EndGlobal
