
Microsoft Visual Studio Solution File, Format Version 12.00
# Visual Studio 14
VisualStudioVersion = 14.0.25420.1
MinimumVisualStudioVersion = 10.0.40219.1
Project("{8BC9CEB8-8B4A-11D0-8D11-00A0C91BC942}") = "smart_pointer", "smart_pointer\smart_pointer.vcxproj", "{4ABF6046-10B4-430C-9862-CCAB5730937C}"
EndProject
Project("{8BC9CEB8-8B4A-11D0-8D11-00A0C91BC942}") = "dynamic_array", "dynamic_array\dynamic_array.vcxproj", "{E14C2D92-0BB0-4D9D-AC8C-E6FD8AC10700}"
EndProject
Project("{8BC9CEB8-8B4A-11D0-8D11-00A0C91BC942}") = "allocator", "allocator\allocator.vcxproj", "{35D6217D-A2A2-4467-86FE-517338F18DB3}"
EndProject
Project("{8BC9CEB8-8B4A-11D0-8D11-00A0C91BC942}") = "text_query", "text_query\text_query.vcxproj", "{61F9FA29-86C7-4F43-9DB2-E5A83E6A4951}"
EndProject
Global
	GlobalSection(SolutionConfigurationPlatforms) = preSolution
		Debug|x64 = Debug|x64
		Debug|x86 = Debug|x86
		Release|x64 = Release|x64
		Release|x86 = Release|x86
	EndGlobalSection
	GlobalSection(ProjectConfigurationPlatforms) = postSolution
		{4ABF6046-10B4-430C-9862-CCAB5730937C}.Debug|x64.ActiveCfg = Debug|x64
		{4ABF6046-10B4-430C-9862-CCAB5730937C}.Debug|x64.Build.0 = Debug|x64
		{4ABF6046-10B4-430C-9862-CCAB5730937C}.Debug|x86.ActiveCfg = Debug|Win32
		{4ABF6046-10B4-430C-9862-CCAB5730937C}.Debug|x86.Build.0 = Debug|Win32
		{4ABF6046-10B4-430C-9862-CCAB5730937C}.Release|x64.ActiveCfg = Release|x64
		{4ABF6046-10B4-430C-9862-CCAB5730937C}.Release|x64.Build.0 = Release|x64
		{4ABF6046-10B4-430C-9862-CCAB5730937C}.Release|x86.ActiveCfg = Release|Win32
		{4ABF6046-10B4-430C-9862-CCAB5730937C}.Release|x86.Build.0 = Release|Win32
		{E14C2D92-0BB0-4D9D-AC8C-E6FD8AC10700}.Debug|x64.ActiveCfg = Debug|x64
		{E14C2D92-0BB0-4D9D-AC8C-E6FD8AC10700}.Debug|x64.Build.0 = Debug|x64
		{E14C2D92-0BB0-4D9D-AC8C-E6FD8AC10700}.Debug|x86.ActiveCfg = Debug|Win32
		{E14C2D92-0BB0-4D9D-AC8C-E6FD8AC10700}.Debug|x86.Build.0 = Debug|Win32
		{E14C2D92-0BB0-4D9D-AC8C-E6FD8AC10700}.Release|x64.ActiveCfg = Release|x64
		{E14C2D92-0BB0-4D9D-AC8C-E6FD8AC10700}.Release|x64.Build.0 = Release|x64
		{E14C2D92-0BB0-4D9D-AC8C-E6FD8AC10700}.Release|x86.ActiveCfg = Release|Win32
		{E14C2D92-0BB0-4D9D-AC8C-E6FD8AC10700}.Release|x86.Build.0 = Release|Win32
		{35D6217D-A2A2-4467-86FE-517338F18DB3}.Debug|x64.ActiveCfg = Debug|x64
		{35D6217D-A2A2-4467-86FE-517338F18DB3}.Debug|x64.Build.0 = Debug|x64
		{35D6217D-A2A2-4467-86FE-517338F18DB3}.Debug|x86.ActiveCfg = Debug|Win32
		{35D6217D-A2A2-4467-86FE-517338F18DB3}.Debug|x86.Build.0 = Debug|Win32
		{35D6217D-A2A2-4467-86FE-517338F18DB3}.Release|x64.ActiveCfg = Release|x64
		{35D6217D-A2A2-4467-86FE-517338F18DB3}.Release|x64.Build.0 = Release|x64
		{35D6217D-A2A2-4467-86FE-517338F18DB3}.Release|x86.ActiveCfg = Release|Win32
		{35D6217D-A2A2-4467-86FE-517338F18DB3}.Release|x86.Build.0 = Release|Win32
		{61F9FA29-86C7-4F43-9DB2-E5A83E6A4951}.Debug|x64.ActiveCfg = Debug|x64
		{61F9FA29-86C7-4F43-9DB2-E5A83E6A4951}.Debug|x64.Build.0 = Debug|x64
		{61F9FA29-86C7-4F43-9DB2-E5A83E6A4951}.Debug|x86.ActiveCfg = Debug|Win32
		{61F9FA29-86C7-4F43-9DB2-E5A83E6A4951}.Debug|x86.Build.0 = Debug|Win32
		{61F9FA29-86C7-4F43-9DB2-E5A83E6A4951}.Release|x64.ActiveCfg = Release|x64
		{61F9FA29-86C7-4F43-9DB2-E5A83E6A4951}.Release|x64.Build.0 = Release|x64
		{61F9FA29-86C7-4F43-9DB2-E5A83E6A4951}.Release|x86.ActiveCfg = Release|Win32
		{61F9FA29-86C7-4F43-9DB2-E5A83E6A4951}.Release|x86.Build.0 = Release|Win32
	EndGlobalSection
	GlobalSection(SolutionProperties) = preSolution
		HideSolutionNode = FALSE
	EndGlobalSection
EndGlobal
