
Microsoft Visual Studio Solution File, Format Version 12.00
# Visual Studio 14
VisualStudioVersion = 14.0.25420.1
MinimumVisualStudioVersion = 10.0.40219.1
Project("{8BC9CEB8-8B4A-11D0-8D11-00A0C91BC942}") = "copy_assignment", "copy_assignment\copy_assignment.vcxproj", "{3C2858A9-94BA-43A6-9534-3D5A81B1888D}"
EndProject
Project("{8BC9CEB8-8B4A-11D0-8D11-00A0C91BC942}") = "copy_control_example", "copy_control_example\copy_control_example.vcxproj", "{5EE11983-DFCB-4D4C-9B40-64F3E07A30EE}"
EndProject
Project("{8BC9CEB8-8B4A-11D0-8D11-00A0C91BC942}") = "dynamic_memory_manage_example", "StrVec_example\StrVec_example.vcxproj", "{77C2AAB4-9FB4-4E2F-B722-84508637B7A8}"
EndProject
Global
	GlobalSection(SolutionConfigurationPlatforms) = preSolution
		Debug|x64 = Debug|x64
		Debug|x86 = Debug|x86
		Release|x64 = Release|x64
		Release|x86 = Release|x86
	EndGlobalSection
	GlobalSection(ProjectConfigurationPlatforms) = postSolution
		{3C2858A9-94BA-43A6-9534-3D5A81B1888D}.Debug|x64.ActiveCfg = Debug|x64
		{3C2858A9-94BA-43A6-9534-3D5A81B1888D}.Debug|x64.Build.0 = Debug|x64
		{3C2858A9-94BA-43A6-9534-3D5A81B1888D}.Debug|x86.ActiveCfg = Debug|Win32
		{3C2858A9-94BA-43A6-9534-3D5A81B1888D}.Debug|x86.Build.0 = Debug|Win32
		{3C2858A9-94BA-43A6-9534-3D5A81B1888D}.Release|x64.ActiveCfg = Release|x64
		{3C2858A9-94BA-43A6-9534-3D5A81B1888D}.Release|x64.Build.0 = Release|x64
		{3C2858A9-94BA-43A6-9534-3D5A81B1888D}.Release|x86.ActiveCfg = Release|Win32
		{3C2858A9-94BA-43A6-9534-3D5A81B1888D}.Release|x86.Build.0 = Release|Win32
		{5EE11983-DFCB-4D4C-9B40-64F3E07A30EE}.Debug|x64.ActiveCfg = Debug|x64
		{5EE11983-DFCB-4D4C-9B40-64F3E07A30EE}.Debug|x64.Build.0 = Debug|x64
		{5EE11983-DFCB-4D4C-9B40-64F3E07A30EE}.Debug|x86.ActiveCfg = Debug|Win32
		{5EE11983-DFCB-4D4C-9B40-64F3E07A30EE}.Debug|x86.Build.0 = Debug|Win32
		{5EE11983-DFCB-4D4C-9B40-64F3E07A30EE}.Release|x64.ActiveCfg = Release|x64
		{5EE11983-DFCB-4D4C-9B40-64F3E07A30EE}.Release|x64.Build.0 = Release|x64
		{5EE11983-DFCB-4D4C-9B40-64F3E07A30EE}.Release|x86.ActiveCfg = Release|Win32
		{5EE11983-DFCB-4D4C-9B40-64F3E07A30EE}.Release|x86.Build.0 = Release|Win32
		{77C2AAB4-9FB4-4E2F-B722-84508637B7A8}.Debug|x64.ActiveCfg = Debug|x64
		{77C2AAB4-9FB4-4E2F-B722-84508637B7A8}.Debug|x64.Build.0 = Debug|x64
		{77C2AAB4-9FB4-4E2F-B722-84508637B7A8}.Debug|x86.ActiveCfg = Debug|Win32
		{77C2AAB4-9FB4-4E2F-B722-84508637B7A8}.Debug|x86.Build.0 = Debug|Win32
		{77C2AAB4-9FB4-4E2F-B722-84508637B7A8}.Release|x64.ActiveCfg = Release|x64
		{77C2AAB4-9FB4-4E2F-B722-84508637B7A8}.Release|x64.Build.0 = Release|x64
		{77C2AAB4-9FB4-4E2F-B722-84508637B7A8}.Release|x86.ActiveCfg = Release|Win32
		{77C2AAB4-9FB4-4E2F-B722-84508637B7A8}.Release|x86.Build.0 = Release|Win32
	EndGlobalSection
	GlobalSection(SolutionProperties) = preSolution
		HideSolutionNode = FALSE
	EndGlobalSection
EndGlobal
